{
  "lockfile-version": 1,
  "manifest": {
    "version": 1,
    "install": {
      "just": {
        "pkg-path": "just"
      }
    },
    "hook": {
      "on-activate": "  export PATH=\"$PWD/target/debug:$PATH\"\n"
    },
    "profile": {},
    "options": {
      "systems": [
        "aarch64-darwin",
        "x86_64-darwin"
      ],
      "allow": {
        "licenses": []
      },
      "semver": {}
    }
  },
  "packages": [
    {
      "attr_path": "just",
      "broken": false,
      "derivation": "/nix/store/q3dbyqyhyxrmjalymhz0705vmw9rpr44-just-1.40.0.drv",
      "description": "Handy way to save and run project-specific commands",
      "install_id": "just",
      "license": "CC0-1.0",
      "locked_url": "https://github.com/flox/nixpkgs?rev=063dece00c5a77e4a0ea24e5e5a5bd75232806f8",
      "name": "just-1.40.0",
      "pname": "just",
      "rev": "063dece00c5a77e4a0ea24e5e5a5bd75232806f8",
      "rev_count": 780010,
      "rev_date": "2025-04-06T18:34:07Z",
      "scrape_date": "2025-04-08T01:14:38.975675Z",
      "stabilities": [
        "unstable"
      ],
      "unfree": false,
      "version": "1.40.0",
      "outputs_to_install": [
        "man",
        "out"
      ],
      "outputs": {
        "doc": "/nix/store/7rml6irvlhrplla9wwyxqqp3fxhgm50a-just-1.40.0-doc",
        "man": "/nix/store/dq0yj54hfh4s1k9ybq4qy503b3vrh0zn-just-1.40.0-man",
        "out": "/nix/store/cfgdrg4j0bjf7izz26vcdfr2klwyhnil-just-1.40.0"
      },
      "system": "aarch64-darwin",
      "group": "toplevel",
      "priority": 5
    },
    {
      "attr_path": "just",
      "broken": false,
      "derivation": "/nix/store/ikvzl9igcyabrsdnm4b4sl5s769fpdbp-just-1.40.0.drv",
      "description": "Handy way to save and run project-specific commands",
      "install_id": "just",
      "license": "CC0-1.0",
      "locked_url": "https://github.com/flox/nixpkgs?rev=063dece00c5a77e4a0ea24e5e5a5bd75232806f8",
      "name": "just-1.40.0",
      "pname": "just",
      "rev": "063dece00c5a77e4a0ea24e5e5a5bd75232806f8",
      "rev_count": 780010,
      "rev_date": "2025-04-06T18:34:07Z",
      "scrape_date": "2025-04-08T01:54:08.304807Z",
      "stabilities": [
        "unstable"
      ],
      "unfree": false,
      "version": "1.40.0",
      "outputs_to_install": [
        "man",
        "out"
      ],
      "outputs": {
        "doc": "/nix/store/dl41yapm6jl5fx1pzk6zx1c461hvf6sx-just-1.40.0-doc",
        "man": "/nix/store/krhp0yy3i73v5wabhj69mcrh863s1xrh-just-1.40.0-man",
        "out": "/nix/store/9224477pfqcwljayr91d8xjp7bg72wdb-just-1.40.0"
      },
      "system": "x86_64-darwin",
      "group": "toplevel",
      "priority": 5
    }
  ]
}