{
  "lockfile-version": 1,
  "manifest": {
    "version": 1,
    "hook": {
      "on-activate": "  export PATH=\"$PWD/target/debug:$PATH\"\n"
    },
    "profile": {},
    "options": {
      "systems": [
        "aarch64-darwin",
        "x86_64-darwin"
      ],
      "allow": {
        "licenses": []
      },
      "semver": {}
    }
  },
  "packages": []
}